// !$*UTF8*$!
{
	archiveVersion = 1;
	classes = {
	};
	objectVersion = 50;
	objects = {

/* Begin PBXBuildFile section */
		0B3D1BE024EE09C60093EAB1 /* AppDelegate.swift in Sources */ = {isa = PBXBuildFile; fileRef = 0B3D1BDF24EE09C60093EAB1 /* AppDelegate.swift */; };
		0B3D1BE224EE09C60093EAB1 /* SceneDelegate.swift in Sources */ = {isa = PBXBuildFile; fileRef = 0B3D1BE124EE09C60093EAB1 /* SceneDelegate.swift */; };
		0B3D1BE424EE09C60093EAB1 /* LoginViewController.swift in Sources */ = {isa = PBXBuildFile; fileRef = 0B3D1BE324EE09C60093EAB1 /* LoginViewController.swift */; };
		0B3D1BE724EE09C60093EAB1 /* Main.storyboard in Resources */ = {isa = PBXBuildFile; fileRef = 0B3D1BE524EE09C60093EAB1 /* Main.storyboard */; };
		0B3D1BE924EE09C90093EAB1 /* Assets.xcassets in Resources */ = {isa = PBXBuildFile; fileRef = 0B3D1BE824EE09C90093EAB1 /* Assets.xcassets */; };
		0B3D1BEC24EE09C90093EAB1 /* LaunchScreen.storyboard in Resources */ = {isa = PBXBuildFile; fileRef = 0B3D1BEA24EE09C90093EAB1 /* LaunchScreen.storyboard */; };
		0B7686E324F35AF8001B001E /* Popup.swift in Sources */ = {isa = PBXBuildFile; fileRef = 0B7686E224F35AF8001B001E /* Popup.swift */; };
		0B78230024F0BC2C006E6CF8 /* PlantTableViewCell.swift in Sources */ = {isa = PBXBuildFile; fileRef = 0B7822FF24F0BC2C006E6CF8 /* PlantTableViewCell.swift */; };
		0B87FD8B24F49DF900520F1D /* PlantTableViewController.swift in Sources */ = {isa = PBXBuildFile; fileRef = 0B87FD8A24F49DF900520F1D /* PlantTableViewController.swift */; };
		0B87FD8D24F49FE600520F1D /* PlantTableViewHelper.swift in Sources */ = {isa = PBXBuildFile; fileRef = 0B87FD8C24F49FE600520F1D /* PlantTableViewHelper.swift */; };
		0B87FD8F24F4E08000520F1D /* PlantDetailViewController.swift in Sources */ = {isa = PBXBuildFile; fileRef = 0B87FD8E24F4E08000520F1D /* PlantDetailViewController.swift */; };
		0BB2F9E324F5A74200304B89 /* Plant.xcdatamodeld in Sources */ = {isa = PBXBuildFile; fileRef = 0BB2F9E124F5A74200304B89 /* Plant.xcdatamodeld */; };
		0BB2F9E524F5A7D100304B89 /* CoreDataStack.swift in Sources */ = {isa = PBXBuildFile; fileRef = 0BB2F9E424F5A7D100304B89 /* CoreDataStack.swift */; };
		0BB2F9E724F5A84600304B89 /* Plant+Convenience.swift in Sources */ = {isa = PBXBuildFile; fileRef = 0BB2F9E624F5A84600304B89 /* Plant+Convenience.swift */; };
		0BB2F9E924F5A8C800304B89 /* PlantRepresentation.swift in Sources */ = {isa = PBXBuildFile; fileRef = 0BB2F9E824F5A8C800304B89 /* PlantRepresentation.swift */; };
		0BB2F9EB24F5A9AA00304B89 /* User.swift in Sources */ = {isa = PBXBuildFile; fileRef = 0BB2F9EA24F5A9AA00304B89 /* User.swift */; };
		0BB2F9ED24F5AA5300304B89 /* Bearer.swift in Sources */ = {isa = PBXBuildFile; fileRef = 0BB2F9EC24F5AA5300304B89 /* Bearer.swift */; };
		0BB2F9EF24F5AF0500304B89 /* PlantController.swift in Sources */ = {isa = PBXBuildFile; fileRef = 0BB2F9EE24F5AF0500304B89 /* PlantController.swift */; };
		E3679C0924EF727D00A91940 /* TabBar.swift in Sources */ = {isa = PBXBuildFile; fileRef = E3679C0824EF727D00A91940 /* TabBar.swift */; };
/* End PBXBuildFile section */

/* Begin PBXFileReference section */
		0B3D1BDC24EE09C60093EAB1 /* WaterMyPlantsBW.app */ = {isa = PBXFileReference; explicitFileType = wrapper.application; includeInIndex = 0; path = WaterMyPlantsBW.app; sourceTree = BUILT_PRODUCTS_DIR; };
		0B3D1BDF24EE09C60093EAB1 /* AppDelegate.swift */ = {isa = PBXFileReference; lastKnownFileType = sourcecode.swift; path = AppDelegate.swift; sourceTree = "<group>"; };
		0B3D1BE124EE09C60093EAB1 /* SceneDelegate.swift */ = {isa = PBXFileReference; lastKnownFileType = sourcecode.swift; path = SceneDelegate.swift; sourceTree = "<group>"; };
		0B3D1BE324EE09C60093EAB1 /* LoginViewController.swift */ = {isa = PBXFileReference; lastKnownFileType = sourcecode.swift; path = LoginViewController.swift; sourceTree = "<group>"; };
		0B3D1BE624EE09C60093EAB1 /* Base */ = {isa = PBXFileReference; lastKnownFileType = file.storyboard; name = Base; path = Base.lproj/Main.storyboard; sourceTree = "<group>"; };
		0B3D1BE824EE09C90093EAB1 /* Assets.xcassets */ = {isa = PBXFileReference; lastKnownFileType = folder.assetcatalog; path = Assets.xcassets; sourceTree = "<group>"; };
		0B3D1BEB24EE09C90093EAB1 /* Base */ = {isa = PBXFileReference; lastKnownFileType = file.storyboard; name = Base; path = Base.lproj/LaunchScreen.storyboard; sourceTree = "<group>"; };
		0B3D1BED24EE09C90093EAB1 /* Info.plist */ = {isa = PBXFileReference; lastKnownFileType = text.plist.xml; path = Info.plist; sourceTree = "<group>"; };
		0B7686E224F35AF8001B001E /* Popup.swift */ = {isa = PBXFileReference; lastKnownFileType = sourcecode.swift; path = Popup.swift; sourceTree = "<group>"; };
		0B7822FF24F0BC2C006E6CF8 /* PlantTableViewCell.swift */ = {isa = PBXFileReference; lastKnownFileType = sourcecode.swift; path = PlantTableViewCell.swift; sourceTree = "<group>"; };
		0B87FD8A24F49DF900520F1D /* PlantTableViewController.swift */ = {isa = PBXFileReference; lastKnownFileType = sourcecode.swift; path = PlantTableViewController.swift; sourceTree = "<group>"; };
		0B87FD8C24F49FE600520F1D /* PlantTableViewHelper.swift */ = {isa = PBXFileReference; lastKnownFileType = sourcecode.swift; path = PlantTableViewHelper.swift; sourceTree = "<group>"; };
		0B87FD8E24F4E08000520F1D /* PlantDetailViewController.swift */ = {isa = PBXFileReference; lastKnownFileType = sourcecode.swift; path = PlantDetailViewController.swift; sourceTree = "<group>"; };
		0BB2F9E224F5A74200304B89 /* Plant.xcdatamodel */ = {isa = PBXFileReference; lastKnownFileType = wrapper.xcdatamodel; path = Plant.xcdatamodel; sourceTree = "<group>"; };
		0BB2F9E424F5A7D100304B89 /* CoreDataStack.swift */ = {isa = PBXFileReference; lastKnownFileType = sourcecode.swift; path = CoreDataStack.swift; sourceTree = "<group>"; };
		0BB2F9E624F5A84600304B89 /* Plant+Convenience.swift */ = {isa = PBXFileReference; lastKnownFileType = sourcecode.swift; path = "Plant+Convenience.swift"; sourceTree = "<group>"; };
		0BB2F9E824F5A8C800304B89 /* PlantRepresentation.swift */ = {isa = PBXFileReference; lastKnownFileType = sourcecode.swift; path = PlantRepresentation.swift; sourceTree = "<group>"; };
		0BB2F9EA24F5A9AA00304B89 /* User.swift */ = {isa = PBXFileReference; lastKnownFileType = sourcecode.swift; path = User.swift; sourceTree = "<group>"; };
		0BB2F9EC24F5AA5300304B89 /* Bearer.swift */ = {isa = PBXFileReference; lastKnownFileType = sourcecode.swift; path = Bearer.swift; sourceTree = "<group>"; };
		0BB2F9EE24F5AF0500304B89 /* PlantController.swift */ = {isa = PBXFileReference; lastKnownFileType = sourcecode.swift; path = PlantController.swift; sourceTree = "<group>"; };
		E3679C0824EF727D00A91940 /* TabBar.swift */ = {isa = PBXFileReference; lastKnownFileType = sourcecode.swift; path = TabBar.swift; sourceTree = "<group>"; };
/* End PBXFileReference section */

/* Begin PBXFrameworksBuildPhase section */
		0B3D1BD924EE09C60093EAB1 /* Frameworks */ = {
			isa = PBXFrameworksBuildPhase;
			buildActionMask = 2147483647;
			files = (
			);
			runOnlyForDeploymentPostprocessing = 0;
		};
/* End PBXFrameworksBuildPhase section */

/* Begin PBXGroup section */
		0B12745924EE11A80092DEF4 /* Resources */ = {
			isa = PBXGroup;
			children = (
				0B3D1BE124EE09C60093EAB1 /* SceneDelegate.swift */,
				0B3D1BDF24EE09C60093EAB1 /* AppDelegate.swift */,
				0B3D1BE824EE09C90093EAB1 /* Assets.xcassets */,
			);
			path = Resources;
			sourceTree = "<group>";
		};
		0B12745A24EE11B70092DEF4 /* Storyboards */ = {
			isa = PBXGroup;
			children = (
				0B3D1BE524EE09C60093EAB1 /* Main.storyboard */,
				0B3D1BEA24EE09C90093EAB1 /* LaunchScreen.storyboard */,
			);
			path = Storyboards;
			sourceTree = "<group>";
		};
		0B12745B24EE11C40092DEF4 /* ViewControllers */ = {
			isa = PBXGroup;
			children = (
				0B3D1BE324EE09C60093EAB1 /* LoginViewController.swift */,
				0B87FD8A24F49DF900520F1D /* PlantTableViewController.swift */,
				0B87FD8E24F4E08000520F1D /* PlantDetailViewController.swift */,
			);
			path = ViewControllers;
			sourceTree = "<group>";
		};
		0B12745E24EE11F30092DEF4 /* ModelController */ = {
			isa = PBXGroup;
			children = (
				0BB2F9EE24F5AF0500304B89 /* PlantController.swift */,
			);
			path = ModelController;
			sourceTree = "<group>";
		};
		0B3D1BD324EE09C60093EAB1 = {
			isa = PBXGroup;
			children = (
				0B3D1BDE24EE09C60093EAB1 /* WaterMyPlantsBW */,
				0B3D1BDD24EE09C60093EAB1 /* Products */,
			);
			sourceTree = "<group>";
		};
		0B3D1BDD24EE09C60093EAB1 /* Products */ = {
			isa = PBXGroup;
			children = (
				0B3D1BDC24EE09C60093EAB1 /* WaterMyPlantsBW.app */,
			);
			name = Products;
			sourceTree = "<group>";
		};
		0B3D1BDE24EE09C60093EAB1 /* WaterMyPlantsBW */ = {
			isa = PBXGroup;
			children = (
				0BB2F9E024F5A73400304B89 /* CoreDataStack */,
				0BB2F9DF24F5A72E00304B89 /* Model */,
				0B12745E24EE11F30092DEF4 /* ModelController */,
				E3679C0724EF71F300A91940 /* Views */,
				0B12745B24EE11C40092DEF4 /* ViewControllers */,
				0B12745A24EE11B70092DEF4 /* Storyboards */,
				0B12745924EE11A80092DEF4 /* Resources */,
				0B3D1BED24EE09C90093EAB1 /* Info.plist */,
			);
			path = WaterMyPlantsBW;
			sourceTree = "<group>";
		};
		0BB2F9DF24F5A72E00304B89 /* Model */ = {
			isa = PBXGroup;
			children = (
				0BB2F9E624F5A84600304B89 /* Plant+Convenience.swift */,
				0BB2F9E824F5A8C800304B89 /* PlantRepresentation.swift */,
				0BB2F9EA24F5A9AA00304B89 /* User.swift */,
				0BB2F9EC24F5AA5300304B89 /* Bearer.swift */,
			);
			path = Model;
			sourceTree = "<group>";
		};
		0BB2F9E024F5A73400304B89 /* CoreDataStack */ = {
			isa = PBXGroup;
			children = (
				0BB2F9E124F5A74200304B89 /* Plant.xcdatamodeld */,
				0BB2F9E424F5A7D100304B89 /* CoreDataStack.swift */,
			);
			path = CoreDataStack;
			sourceTree = "<group>";
		};
		E3679C0724EF71F300A91940 /* Views */ = {
			isa = PBXGroup;
			children = (
				E3679C0824EF727D00A91940 /* TabBar.swift */,
				0B7822FF24F0BC2C006E6CF8 /* PlantTableViewCell.swift */,
				0B7686E224F35AF8001B001E /* Popup.swift */,
				0B87FD8C24F49FE600520F1D /* PlantTableViewHelper.swift */,
			);
			path = Views;
			sourceTree = "<group>";
		};
/* End PBXGroup section */

/* Begin PBXNativeTarget section */
		0B3D1BDB24EE09C60093EAB1 /* WaterMyPlantsBW */ = {
			isa = PBXNativeTarget;
			buildConfigurationList = 0B3D1BF024EE09C90093EAB1 /* Build configuration list for PBXNativeTarget "WaterMyPlantsBW" */;
			buildPhases = (
				0B3D1BD824EE09C60093EAB1 /* Sources */,
				0B3D1BD924EE09C60093EAB1 /* Frameworks */,
				0B3D1BDA24EE09C60093EAB1 /* Resources */,
			);
			buildRules = (
			);
			dependencies = (
			);
			name = WaterMyPlantsBW;
			productName = WaterMyPlantsBW;
			productReference = 0B3D1BDC24EE09C60093EAB1 /* WaterMyPlantsBW.app */;
			productType = "com.apple.product-type.application";
		};
/* End PBXNativeTarget section */

/* Begin PBXProject section */
		0B3D1BD424EE09C60093EAB1 /* Project object */ = {
			isa = PBXProject;
			attributes = {
				LastSwiftUpdateCheck = 1160;
				LastUpgradeCheck = 1160;
				ORGANIZATIONNAME = "Clayton Watkins";
				TargetAttributes = {
					0B3D1BDB24EE09C60093EAB1 = {
						CreatedOnToolsVersion = 11.6;
					};
				};
			};
			buildConfigurationList = 0B3D1BD724EE09C60093EAB1 /* Build configuration list for PBXProject "WaterMyPlantsBW" */;
			compatibilityVersion = "Xcode 9.3";
			developmentRegion = en;
			hasScannedForEncodings = 0;
			knownRegions = (
				en,
				Base,
			);
			mainGroup = 0B3D1BD324EE09C60093EAB1;
			productRefGroup = 0B3D1BDD24EE09C60093EAB1 /* Products */;
			projectDirPath = "";
			projectRoot = "";
			targets = (
				0B3D1BDB24EE09C60093EAB1 /* WaterMyPlantsBW */,
			);
		};
/* End PBXProject section */

/* Begin PBXResourcesBuildPhase section */
		0B3D1BDA24EE09C60093EAB1 /* Resources */ = {
			isa = PBXResourcesBuildPhase;
			buildActionMask = 2147483647;
			files = (
				0B3D1BEC24EE09C90093EAB1 /* LaunchScreen.storyboard in Resources */,
				0B3D1BE924EE09C90093EAB1 /* Assets.xcassets in Resources */,
				0B3D1BE724EE09C60093EAB1 /* Main.storyboard in Resources */,
			);
			runOnlyForDeploymentPostprocessing = 0;
		};
/* End PBXResourcesBuildPhase section */

/* Begin PBXSourcesBuildPhase section */
		0B3D1BD824EE09C60093EAB1 /* Sources */ = {
			isa = PBXSourcesBuildPhase;
			buildActionMask = 2147483647;
			files = (
				0B7686E324F35AF8001B001E /* Popup.swift in Sources */,
				0B3D1BE424EE09C60093EAB1 /* LoginViewController.swift in Sources */,
				0B87FD8D24F49FE600520F1D /* PlantTableViewHelper.swift in Sources */,
				0BB2F9EF24F5AF0500304B89 /* PlantController.swift in Sources */,
				0BB2F9E324F5A74200304B89 /* Plant.xcdatamodeld in Sources */,
				0B78230024F0BC2C006E6CF8 /* PlantTableViewCell.swift in Sources */,
				0BB2F9ED24F5AA5300304B89 /* Bearer.swift in Sources */,
				0B3D1BE024EE09C60093EAB1 /* AppDelegate.swift in Sources */,
				0BB2F9EB24F5A9AA00304B89 /* User.swift in Sources */,
				0BB2F9E524F5A7D100304B89 /* CoreDataStack.swift in Sources */,
				0B87FD8F24F4E08000520F1D /* PlantDetailViewController.swift in Sources */,
				0B3D1BE224EE09C60093EAB1 /* SceneDelegate.swift in Sources */,
				0BB2F9E724F5A84600304B89 /* Plant+Convenience.swift in Sources */,
				E3679C0924EF727D00A91940 /* TabBar.swift in Sources */,
				0B87FD8B24F49DF900520F1D /* PlantTableViewController.swift in Sources */,
				0BB2F9E924F5A8C800304B89 /* PlantRepresentation.swift in Sources */,
			);
			runOnlyForDeploymentPostprocessing = 0;
		};
/* End PBXSourcesBuildPhase section */

/* Begin PBXVariantGroup section */
		0B3D1BE524EE09C60093EAB1 /* Main.storyboard */ = {
			isa = PBXVariantGroup;
			children = (
				0B3D1BE624EE09C60093EAB1 /* Base */,
			);
			name = Main.storyboard;
			sourceTree = "<group>";
		};
		0B3D1BEA24EE09C90093EAB1 /* LaunchScreen.storyboard */ = {
			isa = PBXVariantGroup;
			children = (
				0B3D1BEB24EE09C90093EAB1 /* Base */,
			);
			name = LaunchScreen.storyboard;
			sourceTree = "<group>";
		};
/* End PBXVariantGroup section */

/* Begin XCBuildConfiguration section */
		0B3D1BEE24EE09C90093EAB1 /* Debug */ = {
			isa = XCBuildConfiguration;
			buildSettings = {
				ALWAYS_SEARCH_USER_PATHS = NO;
				CLANG_ANALYZER_NONNULL = YES;
				CLANG_ANALYZER_NUMBER_OBJECT_CONVERSION = YES_AGGRESSIVE;
				CLANG_CXX_LANGUAGE_STANDARD = "gnu++14";
				CLANG_CXX_LIBRARY = "libc++";
				CLANG_ENABLE_MODULES = YES;
				CLANG_ENABLE_OBJC_ARC = YES;
				CLANG_ENABLE_OBJC_WEAK = YES;
				CLANG_WARN_BLOCK_CAPTURE_AUTORELEASING = YES;
				CLANG_WARN_BOOL_CONVERSION = YES;
				CLANG_WARN_COMMA = YES;
				CLANG_WARN_CONSTANT_CONVERSION = YES;
				CLANG_WARN_DEPRECATED_OBJC_IMPLEMENTATIONS = YES;
				CLANG_WARN_DIRECT_OBJC_ISA_USAGE = YES_ERROR;
				CLANG_WARN_DOCUMENTATION_COMMENTS = YES;
				CLANG_WARN_EMPTY_BODY = YES;
				CLANG_WARN_ENUM_CONVERSION = YES;
				CLANG_WARN_INFINITE_RECURSION = YES;
				CLANG_WARN_INT_CONVERSION = YES;
				CLANG_WARN_NON_LITERAL_NULL_CONVERSION = YES;
				CLANG_WARN_OBJC_IMPLICIT_RETAIN_SELF = YES;
				CLANG_WARN_OBJC_LITERAL_CONVERSION = YES;
				CLANG_WARN_OBJC_ROOT_CLASS = YES_ERROR;
				CLANG_WARN_RANGE_LOOP_ANALYSIS = YES;
				CLANG_WARN_STRICT_PROTOTYPES = YES;
				CLANG_WARN_SUSPICIOUS_MOVE = YES;
				CLANG_WARN_UNGUARDED_AVAILABILITY = YES_AGGRESSIVE;
				CLANG_WARN_UNREACHABLE_CODE = YES;
				CLANG_WARN__DUPLICATE_METHOD_MATCH = YES;
				COPY_PHASE_STRIP = NO;
				DEBUG_INFORMATION_FORMAT = dwarf;
				ENABLE_STRICT_OBJC_MSGSEND = YES;
				ENABLE_TESTABILITY = YES;
				GCC_C_LANGUAGE_STANDARD = gnu11;
				GCC_DYNAMIC_NO_PIC = NO;
				GCC_NO_COMMON_BLOCKS = YES;
				GCC_OPTIMIZATION_LEVEL = 0;
				GCC_PREPROCESSOR_DEFINITIONS = (
					"DEBUG=1",
					"$(inherited)",
				);
				GCC_WARN_64_TO_32_BIT_CONVERSION = YES;
				GCC_WARN_ABOUT_RETURN_TYPE = YES_ERROR;
				GCC_WARN_UNDECLARED_SELECTOR = YES;
				GCC_WARN_UNINITIALIZED_AUTOS = YES_AGGRESSIVE;
				GCC_WARN_UNUSED_FUNCTION = YES;
				GCC_WARN_UNUSED_VARIABLE = YES;
				IPHONEOS_DEPLOYMENT_TARGET = 13.6;
				MTL_ENABLE_DEBUG_INFO = INCLUDE_SOURCE;
				MTL_FAST_MATH = YES;
				ONLY_ACTIVE_ARCH = YES;
				SDKROOT = iphoneos;
				SWIFT_ACTIVE_COMPILATION_CONDITIONS = DEBUG;
				SWIFT_OPTIMIZATION_LEVEL = "-Onone";
			};
			name = Debug;
		};
		0B3D1BEF24EE09C90093EAB1 /* Release */ = {
			isa = XCBuildConfiguration;
			buildSettings = {
				ALWAYS_SEARCH_USER_PATHS = NO;
				CLANG_ANALYZER_NONNULL = YES;
				CLANG_ANALYZER_NUMBER_OBJECT_CONVERSION = YES_AGGRESSIVE;
				CLANG_CXX_LANGUAGE_STANDARD = "gnu++14";
				CLANG_CXX_LIBRARY = "libc++";
				CLANG_ENABLE_MODULES = YES;
				CLANG_ENABLE_OBJC_ARC = YES;
				CLANG_ENABLE_OBJC_WEAK = YES;
				CLANG_WARN_BLOCK_CAPTURE_AUTORELEASING = YES;
				CLANG_WARN_BOOL_CONVERSION = YES;
				CLANG_WARN_COMMA = YES;
				CLANG_WARN_CONSTANT_CONVERSION = YES;
				CLANG_WARN_DEPRECATED_OBJC_IMPLEMENTATIONS = YES;
				CLANG_WARN_DIRECT_OBJC_ISA_USAGE = YES_ERROR;
				CLANG_WARN_DOCUMENTATION_COMMENTS = YES;
				CLANG_WARN_EMPTY_BODY = YES;
				CLANG_WARN_ENUM_CONVERSION = YES;
				CLANG_WARN_INFINITE_RECURSION = YES;
				CLANG_WARN_INT_CONVERSION = YES;
				CLANG_WARN_NON_LITERAL_NULL_CONVERSION = YES;
				CLANG_WARN_OBJC_IMPLICIT_RETAIN_SELF = YES;
				CLANG_WARN_OBJC_LITERAL_CONVERSION = YES;
				CLANG_WARN_OBJC_ROOT_CLASS = YES_ERROR;
				CLANG_WARN_RANGE_LOOP_ANALYSIS = YES;
				CLANG_WARN_STRICT_PROTOTYPES = YES;
				CLANG_WARN_SUSPICIOUS_MOVE = YES;
				CLANG_WARN_UNGUARDED_AVAILABILITY = YES_AGGRESSIVE;
				CLANG_WARN_UNREACHABLE_CODE = YES;
				CLANG_WARN__DUPLICATE_METHOD_MATCH = YES;
				COPY_PHASE_STRIP = NO;
				DEBUG_INFORMATION_FORMAT = "dwarf-with-dsym";
				ENABLE_NS_ASSERTIONS = NO;
				ENABLE_STRICT_OBJC_MSGSEND = YES;
				GCC_C_LANGUAGE_STANDARD = gnu11;
				GCC_NO_COMMON_BLOCKS = YES;
				GCC_WARN_64_TO_32_BIT_CONVERSION = YES;
				GCC_WARN_ABOUT_RETURN_TYPE = YES_ERROR;
				GCC_WARN_UNDECLARED_SELECTOR = YES;
				GCC_WARN_UNINITIALIZED_AUTOS = YES_AGGRESSIVE;
				GCC_WARN_UNUSED_FUNCTION = YES;
				GCC_WARN_UNUSED_VARIABLE = YES;
				IPHONEOS_DEPLOYMENT_TARGET = 13.6;
				MTL_ENABLE_DEBUG_INFO = NO;
				MTL_FAST_MATH = YES;
				SDKROOT = iphoneos;
				SWIFT_COMPILATION_MODE = wholemodule;
				SWIFT_OPTIMIZATION_LEVEL = "-O";
				VALIDATE_PRODUCT = YES;
			};
			name = Release;
		};
		0B3D1BF124EE09C90093EAB1 /* Debug */ = {
			isa = XCBuildConfiguration;
			buildSettings = {
				ASSETCATALOG_COMPILER_APPICON_NAME = AppIcon;
				CODE_SIGN_STYLE = Automatic;
				INFOPLIST_FILE = WaterMyPlantsBW/Info.plist;
				LD_RUNPATH_SEARCH_PATHS = (
					"$(inherited)",
					"@executable_path/Frameworks",
				);
				PRODUCT_BUNDLE_IDENTIFIER = com.claytonwatkins.WaterMyPlantsBW;
				PRODUCT_NAME = "$(TARGET_NAME)";
				SWIFT_VERSION = 5.0;
				TARGETED_DEVICE_FAMILY = "1,2";
			};
			name = Debug;
		};
		0B3D1BF224EE09C90093EAB1 /* Release */ = {
			isa = XCBuildConfiguration;
			buildSettings = {
				ASSETCATALOG_COMPILER_APPICON_NAME = AppIcon;
				CODE_SIGN_STYLE = Automatic;
				INFOPLIST_FILE = WaterMyPlantsBW/Info.plist;
				LD_RUNPATH_SEARCH_PATHS = (
					"$(inherited)",
					"@executable_path/Frameworks",
				);
				PRODUCT_BUNDLE_IDENTIFIER = com.claytonwatkins.WaterMyPlantsBW;
				PRODUCT_NAME = "$(TARGET_NAME)";
				SWIFT_VERSION = 5.0;
				TARGETED_DEVICE_FAMILY = "1,2";
			};
			name = Release;
		};
/* End XCBuildConfiguration section */

/* Begin XCConfigurationList section */
		0B3D1BD724EE09C60093EAB1 /* Build configuration list for PBXProject "WaterMyPlantsBW" */ = {
			isa = XCConfigurationList;
			buildConfigurations = (
				0B3D1BEE24EE09C90093EAB1 /* Debug */,
				0B3D1BEF24EE09C90093EAB1 /* Release */,
			);
			defaultConfigurationIsVisible = 0;
			defaultConfigurationName = Release;
		};
		0B3D1BF024EE09C90093EAB1 /* Build configuration list for PBXNativeTarget "WaterMyPlantsBW" */ = {
			isa = XCConfigurationList;
			buildConfigurations = (
				0B3D1BF124EE09C90093EAB1 /* Debug */,
				0B3D1BF224EE09C90093EAB1 /* Release */,
			);
			defaultConfigurationIsVisible = 0;
			defaultConfigurationName = Release;
		};
/* End XCConfigurationList section */

/* Begin XCVersionGroup section */
		0BB2F9E124F5A74200304B89 /* Plant.xcdatamodeld */ = {
			isa = XCVersionGroup;
			children = (
				0BB2F9E224F5A74200304B89 /* Plant.xcdatamodel */,
			);
			currentVersion = 0BB2F9E224F5A74200304B89 /* Plant.xcdatamodel */;
			path = Plant.xcdatamodeld;
			sourceTree = "<group>";
			versionGroupType = wrapper.xcdatamodel;
		};
/* End XCVersionGroup section */
	};
	rootObject = 0B3D1BD424EE09C60093EAB1 /* Project object */;
}
